
Microsoft Visual Studio Solution File, Format Version 12.00
# Visual Studio 15
Project("{FAE04EC0-301F-11D3-BF4B-00C04F79EFBC}") = "Unity.Timeline", "Unity.Timeline.csproj", "{3E6DDFB5-0978-BABC-76E1-A73A8D6264A7}"
EndProject
Project("{FAE04EC0-301F-11D3-BF4B-00C04F79EFBC}") = "Unity.Timeline.Editor", "Unity.Timeline.Editor.csproj", "{CCE12ABF-1A26-EC92-AAF5-244EAC4FF79E}"
EndProject
Project("{FAE04EC0-301F-11D3-BF4B-00C04F79EFBC}") = "Unity.2D.Tilemap.Editor", "Unity.2D.Tilemap.Editor.csproj", "{F18BA9F9-B364-8E51-7581-05DCA21E0F4D}"
EndProject
Project("{FAE04EC0-301F-11D3-BF4B-00C04F79EFBC}") = "Unity.TextMeshPro.Editor", "Unity.TextMeshPro.Editor.csproj", "{ECCBB4DB-529C-FACF-FEE1-4040322AB985}"
EndProject
Project("{FAE04EC0-301F-11D3-BF4B-00C04F79EFBC}") = "Unity.2D.Aseprite.Editor", "Unity.2D.Aseprite.Editor.csproj", "{3D826FC3-1FE1-07BE-E963-C115CF7864D1}"
EndProject
Project("{FAE04EC0-301F-11D3-BF4B-00C04F79EFBC}") = "Unity.VisualScripting.Flow", "Unity.VisualScripting.Flow.csproj", "{793B572E-FA24-9ECB-7C74-DC84C3CA4AE1}"
EndProject
Project("{FAE04EC0-301F-11D3-BF4B-00C04F79EFBC}") = "UnityEditor.UI", "UnityEditor.UI.csproj", "{404375CB-71CE-F4A5-B81D-0D43F3D8AA80}"
EndProject
Project("{FAE04EC0-301F-11D3-BF4B-00C04F79EFBC}") = "Unity.PlasticSCM.Editor", "Unity.PlasticSCM.Editor.csproj", "{031F7F2D-201E-AB97-7183-B7A43BDA9807}"
EndProject
Project("{FAE04EC0-301F-11D3-BF4B-00C04F79EFBC}") = "Unity.2D.Psdimporter.Editor", "Unity.2D.Psdimporter.Editor.csproj", "{7EED901B-DD1F-96BB-BC8F-EBD0E948FC90}"
EndProject
Project("{FAE04EC0-301F-11D3-BF4B-00C04F79EFBC}") = "Unity.VisualScripting.Core", "Unity.VisualScripting.Core.csproj", "{AC94D259-0D2A-EAC2-BD15-C5732E04E6DC}"
EndProject
Project("{FAE04EC0-301F-11D3-BF4B-00C04F79EFBC}") = "Unity.Mathematics", "Unity.Mathematics.csproj", "{DDC527E1-3EEC-F3A2-B97C-589E3F9FA2CB}"
EndProject
Project("{FAE04EC0-301F-11D3-BF4B-00C04F79EFBC}") = "Unity.2D.Animation.Editor", "Unity.2D.Animation.Editor.csproj", "{3FFB2F37-F650-268A-DB53-9A48E67ECDAA}"
EndProject
Project("{FAE04EC0-301F-11D3-BF4B-00C04F79EFBC}") = "Unity.2D.Common.Path.Editor", "Unity.2D.Common.Path.Editor.csproj", "{C6A04686-B350-3116-E84E-99355A771ED4}"
EndProject
Project("{FAE04EC0-301F-11D3-BF4B-00C04F79EFBC}") = "Unity.VisualScripting.Core.Editor", "Unity.VisualScripting.Core.Editor.csproj", "{F4FE0D48-F68A-4A8E-3D4B-E69A0B0DC7FA}"
EndProject
Project("{FAE04EC0-301F-11D3-BF4B-00C04F79EFBC}") = "Unity.2D.IK.Runtime", "Unity.2D.IK.Runtime.csproj", "{DC30B92B-D1CF-5C9E-662D-912235E9A26E}"
EndProject
Project("{FAE04EC0-301F-11D3-BF4B-00C04F79EFBC}") = "Unity.VisualScripting.Flow.Editor", "Unity.VisualScripting.Flow.Editor.csproj", "{BC233C10-9DC8-BC53-8431-7F2ACBEDA945}"
EndProject
Project("{FAE04EC0-301F-11D3-BF4B-00C04F79EFBC}") = "UnityEditor.TestRunner", "UnityEditor.TestRunner.csproj", "{881E49BA-1B68-73E8-C339-AB336D154C1C}"
EndProject
Project("{FAE04EC0-301F-11D3-BF4B-00C04F79EFBC}") = "Unity.VisualScripting.SettingsProvider.Editor", "Unity.VisualScripting.SettingsProvider.Editor.csproj", "{DE408892-221F-96BB-8F3C-DE44F0899888}"
EndProject
Project("{FAE04EC0-301F-11D3-BF4B-00C04F79EFBC}") = "UnityEngine.TestRunner", "UnityEngine.TestRunner.csproj", "{E0B48D03-A99A-DDFF-7E5D-708DE3AD20B2}"
EndProject
Project("{FAE04EC0-301F-11D3-BF4B-00C04F79EFBC}") = "PsdPlugin", "PsdPlugin.csproj", "{A7609A71-0FC3-873C-0090-1C4E798C5F85}"
EndProject
Project("{FAE04EC0-301F-11D3-BF4B-00C04F79EFBC}") = "Assembly-CSharp", "Assembly-CSharp.csproj", "{071E10C7-98A1-E18C-E3D1-1B0603687006}"
EndProject
Project("{FAE04EC0-301F-11D3-BF4B-00C04F79EFBC}") = "Unity.Burst", "Unity.Burst.csproj", "{7555382D-EBB1-3310-0879-A04CA66FCFBC}"
EndProject
Project("{FAE04EC0-301F-11D3-BF4B-00C04F79EFBC}") = "UnityEngine.UI", "UnityEngine.UI.csproj", "{91A2ABB4-1F44-89C2-F3BA-AAC7C95D73A9}"
EndProject
Project("{FAE04EC0-301F-11D3-BF4B-00C04F79EFBC}") = "Unity.2D.SpriteShape.Editor", "Unity.2D.SpriteShape.Editor.csproj", "{05BBEF9F-E6F4-E583-DA08-B41645A4E245}"
EndProject
Project("{FAE04EC0-301F-11D3-BF4B-00C04F79EFBC}") = "Unity.Collections", "Unity.Collections.csproj", "{15AFA209-4882-B04C-B4B7-EBAB7639571F}"
EndProject
Project("{FAE04EC0-301F-11D3-BF4B-00C04F79EFBC}") = "Unity.VisualStudio.Editor", "Unity.VisualStudio.Editor.csproj", "{CEACC53A-1022-5A7E-8314-B4622B7979C7}"
EndProject
Project("{FAE04EC0-301F-11D3-BF4B-00C04F79EFBC}") = "Unity.2D.Tilemap.Extras.Editor", "Unity.2D.Tilemap.Extras.Editor.csproj", "{5800A4D1-7F9E-5AE8-8BFA-CD826202F179}"
EndProject
Project("{FAE04EC0-301F-11D3-BF4B-00C04F79EFBC}") = "Unity.Rider.Editor", "Unity.Rider.Editor.csproj", "{7810B32E-10DF-70AE-6F92-3F5402147B99}"
EndProject
Project("{FAE04EC0-301F-11D3-BF4B-00C04F79EFBC}") = "Unity.InternalAPIEditorBridge.001", "Unity.InternalAPIEditorBridge.001.csproj", "{2A836CAB-75D1-6719-381F-874ED9C397CB}"
EndProject
Project("{FAE04EC0-301F-11D3-BF4B-00C04F79EFBC}") = "Unity.2D.SpriteShape.Runtime", "Unity.2D.SpriteShape.Runtime.csproj", "{81AB3BB8-B2F8-3433-98E5-7365348348DB}"
EndProject
Project("{FAE04EC0-301F-11D3-BF4B-00C04F79EFBC}") = "Unity.VisualScripting.State.Editor", "Unity.VisualScripting.State.Editor.csproj", "{76708BF4-58F9-ECF0-B268-2EAFB16174C3}"
EndProject
Project("{FAE04EC0-301F-11D3-BF4B-00C04F79EFBC}") = "Unity.2D.Animation.Runtime", "Unity.2D.Animation.Runtime.csproj", "{E0DC100B-2F43-ACA1-D35F-392C5A1BDCA7}"
EndProject
Project("{FAE04EC0-301F-11D3-BF4B-00C04F79EFBC}") = "Unity.Burst.CodeGen", "Unity.Burst.CodeGen.csproj", "{0AEDF2E4-4AEA-637D-93CA-6D76D7B7773D}"
EndProject
Project("{FAE04EC0-301F-11D3-BF4B-00C04F79EFBC}") = "Unity.2D.Tilemap.Extras", "Unity.2D.Tilemap.Extras.csproj", "{09E98FBC-727B-994B-0276-3F8AB8D17377}"
EndProject
Project("{FAE04EC0-301F-11D3-BF4B-00C04F79EFBC}") = "Unity.VisualScripting.State", "Unity.VisualScripting.State.csproj", "{678859E6-3DD4-0093-8BBE-272F678E9221}"
EndProject
Project("{FAE04EC0-301F-11D3-BF4B-00C04F79EFBC}") = "Unity.TextMeshPro", "Unity.TextMeshPro.csproj", "{F6617106-284B-7BF5-8426-7EE06284289F}"
EndProject
Project("{FAE04EC0-301F-11D3-BF4B-00C04F79EFBC}") = "Unity.2D.Aseprite.Common", "Unity.2D.Aseprite.Common.csproj", "{5332E9E6-9337-6A2A-D036-8D50F3F2E631}"
EndProject
Project("{FAE04EC0-301F-11D3-BF4B-00C04F79EFBC}") = "Unity.2D.IK.Editor", "Unity.2D.IK.Editor.csproj", "{9B858B7B-A2D9-B283-C8DF-C29EEC7BA1C2}"
EndProject
Project("{FAE04EC0-301F-11D3-BF4B-00C04F79EFBC}") = "Unity.InternalAPIEngineBridge.001", "Unity.InternalAPIEngineBridge.001.csproj", "{525AF77A-0951-B2AF-D40B-6A5F9111C88B}"
EndProject
Project("{FAE04EC0-301F-11D3-BF4B-00C04F79EFBC}") = "Unity.Burst.Editor", "Unity.Burst.Editor.csproj", "{EE492BB6-CE3E-9E22-14B4-F5858E4F9814}"
EndProject
Project("{FAE04EC0-301F-11D3-BF4B-00C04F79EFBC}") = "Unity.2D.Common.Editor", "Unity.2D.Common.Editor.csproj", "{4D1A0230-CDC8-2AFF-6320-57AEF311BD00}"
EndProject
Project("{FAE04EC0-301F-11D3-BF4B-00C04F79EFBC}") = "Unity.2D.Sprite.Editor", "Unity.2D.Sprite.Editor.csproj", "{F57E9EF2-A451-46DC-1743-1009E88CEB3F}"
EndProject
Project("{FAE04EC0-301F-11D3-BF4B-00C04F79EFBC}") = "Unity.2D.PixelPerfect", "Unity.2D.PixelPerfect.csproj", "{D43CA478-1672-3684-ED7F-2B4CE634B915}"
EndProject
Project("{FAE04EC0-301F-11D3-BF4B-00C04F79EFBC}") = "Unity.2D.PixelPerfect.Editor", "Unity.2D.PixelPerfect.Editor.csproj", "{CBCCC4F4-0061-88FB-2EE5-BC4C7903C29F}"
EndProject
Project("{FAE04EC0-301F-11D3-BF4B-00C04F79EFBC}") = "Unity.2D.Common.Runtime", "Unity.2D.Common.Runtime.csproj", "{1FB5C92A-6A7E-5FB8-FCEA-249A7AC6A524}"
EndProject
Project("{FAE04EC0-301F-11D3-BF4B-00C04F79EFBC}") = "Unity.Mathematics.Editor", "Unity.Mathematics.Editor.csproj", "{DD980CDF-6982-8066-905E-BDD317BA1CD4}"
EndProject
Project("{FAE04EC0-301F-11D3-BF4B-00C04F79EFBC}") = "Unity.Collections.BurstCompatibilityGen", "Unity.Collections.BurstCompatibilityGen.csproj", "{41748282-0575-4BFA-0D4D-E5784EE56342}"
EndProject
Project("{FAE04EC0-301F-11D3-BF4B-00C04F79EFBC}") = "Unity.VisualScripting.Shared.Editor", "Unity.VisualScripting.Shared.Editor.csproj", "{25AFEEAA-26BA-FA9D-50AF-325989B09D26}"
EndProject
Project("{FAE04EC0-301F-11D3-BF4B-00C04F79EFBC}") = "Unity.Collections.DocCodeSamples", "Unity.Collections.DocCodeSamples.csproj", "{12F06F38-6BB0-AB7C-3EFF-7EA480DAC1C4}"
EndProject
Project("{FAE04EC0-301F-11D3-BF4B-00C04F79EFBC}") = "Unity.CollabProxy.Editor", "Unity.CollabProxy.Editor.csproj", "{109D6D70-B826-7631-34E0-0E9D9F3FDB93}"
EndProject
Global
	GlobalSection(SolutionConfigurationPlatforms) = preSolution
		Debug|Any CPU = Debug|Any CPU
		Release|Any CPU = Release|Any CPU
	EndGlobalSection
	GlobalSection(ProjectConfigurationPlatforms) = postSolution
		{3E6DDFB5-0978-BABC-76E1-A73A8D6264A7}.Debug|Any CPU.ActiveCfg = Debug|Any CPU
		{3E6DDFB5-0978-BABC-76E1-A73A8D6264A7}.Debug|Any CPU.Build.0 = Debug|Any CPU
		{3E6DDFB5-0978-BABC-76E1-A73A8D6264A7}.Release|Any CPU.ActiveCfg = Release|Any CPU
		{3E6DDFB5-0978-BABC-76E1-A73A8D6264A7}.Release|Any CPU.Build.0 = Release|Any CPU
		{CCE12ABF-1A26-EC92-AAF5-244EAC4FF79E}.Debug|Any CPU.ActiveCfg = Debug|Any CPU
		{CCE12ABF-1A26-EC92-AAF5-244EAC4FF79E}.Debug|Any CPU.Build.0 = Debug|Any CPU
		{CCE12ABF-1A26-EC92-AAF5-244EAC4FF79E}.Release|Any CPU.ActiveCfg = Release|Any CPU
		{CCE12ABF-1A26-EC92-AAF5-244EAC4FF79E}.Release|Any CPU.Build.0 = Release|Any CPU
		{F18BA9F9-B364-8E51-7581-05DCA21E0F4D}.Debug|Any CPU.ActiveCfg = Debug|Any CPU
		{F18BA9F9-B364-8E51-7581-05DCA21E0F4D}.Debug|Any CPU.Build.0 = Debug|Any CPU
		{F18BA9F9-B364-8E51-7581-05DCA21E0F4D}.Release|Any CPU.ActiveCfg = Release|Any CPU
		{F18BA9F9-B364-8E51-7581-05DCA21E0F4D}.Release|Any CPU.Build.0 = Release|Any CPU
		{ECCBB4DB-529C-FACF-FEE1-4040322AB985}.Debug|Any CPU.ActiveCfg = Debug|Any CPU
		{ECCBB4DB-529C-FACF-FEE1-4040322AB985}.Debug|Any CPU.Build.0 = Debug|Any CPU
		{ECCBB4DB-529C-FACF-FEE1-4040322AB985}.Release|Any CPU.ActiveCfg = Release|Any CPU
		{ECCBB4DB-529C-FACF-FEE1-4040322AB985}.Release|Any CPU.Build.0 = Release|Any CPU
		{3D826FC3-1FE1-07BE-E963-C115CF7864D1}.Debug|Any CPU.ActiveCfg = Debug|Any CPU
		{3D826FC3-1FE1-07BE-E963-C115CF7864D1}.Debug|Any CPU.Build.0 = Debug|Any CPU
		{3D826FC3-1FE1-07BE-E963-C115CF7864D1}.Release|Any CPU.ActiveCfg = Release|Any CPU
		{3D826FC3-1FE1-07BE-E963-C115CF7864D1}.Release|Any CPU.Build.0 = Release|Any CPU
		{793B572E-FA24-9ECB-7C74-DC84C3CA4AE1}.Debug|Any CPU.ActiveCfg = Debug|Any CPU
		{793B572E-FA24-9ECB-7C74-DC84C3CA4AE1}.Debug|Any CPU.Build.0 = Debug|Any CPU
		{793B572E-FA24-9ECB-7C74-DC84C3CA4AE1}.Release|Any CPU.ActiveCfg = Release|Any CPU
		{793B572E-FA24-9ECB-7C74-DC84C3CA4AE1}.Release|Any CPU.Build.0 = Release|Any CPU
		{404375CB-71CE-F4A5-B81D-0D43F3D8AA80}.Debug|Any CPU.ActiveCfg = Debug|Any CPU
		{404375CB-71CE-F4A5-B81D-0D43F3D8AA80}.Debug|Any CPU.Build.0 = Debug|Any CPU
		{404375CB-71CE-F4A5-B81D-0D43F3D8AA80}.Release|Any CPU.ActiveCfg = Release|Any CPU
		{404375CB-71CE-F4A5-B81D-0D43F3D8AA80}.Release|Any CPU.Build.0 = Release|Any CPU
		{031F7F2D-201E-AB97-7183-B7A43BDA9807}.Debug|Any CPU.ActiveCfg = Debug|Any CPU
		{031F7F2D-201E-AB97-7183-B7A43BDA9807}.Debug|Any CPU.Build.0 = Debug|Any CPU
		{031F7F2D-201E-AB97-7183-B7A43BDA9807}.Release|Any CPU.ActiveCfg = Release|Any CPU
		{031F7F2D-201E-AB97-7183-B7A43BDA9807}.Release|Any CPU.Build.0 = Release|Any CPU
		{7EED901B-DD1F-96BB-BC8F-EBD0E948FC90}.Debug|Any CPU.ActiveCfg = Debug|Any CPU
		{7EED901B-DD1F-96BB-BC8F-EBD0E948FC90}.Debug|Any CPU.Build.0 = Debug|Any CPU
		{7EED901B-DD1F-96BB-BC8F-EBD0E948FC90}.Release|Any CPU.ActiveCfg = Release|Any CPU
		{7EED901B-DD1F-96BB-BC8F-EBD0E948FC90}.Release|Any CPU.Build.0 = Release|Any CPU
		{AC94D259-0D2A-EAC2-BD15-C5732E04E6DC}.Debug|Any CPU.ActiveCfg = Debug|Any CPU
		{AC94D259-0D2A-EAC2-BD15-C5732E04E6DC}.Debug|Any CPU.Build.0 = Debug|Any CPU
		{AC94D259-0D2A-EAC2-BD15-C5732E04E6DC}.Release|Any CPU.ActiveCfg = Release|Any CPU
		{AC94D259-0D2A-EAC2-BD15-C5732E04E6DC}.Release|Any CPU.Build.0 = Release|Any CPU
		{DDC527E1-3EEC-F3A2-B97C-589E3F9FA2CB}.Debug|Any CPU.ActiveCfg = Debug|Any CPU
		{DDC527E1-3EEC-F3A2-B97C-589E3F9FA2CB}.Debug|Any CPU.Build.0 = Debug|Any CPU
		{DDC527E1-3EEC-F3A2-B97C-589E3F9FA2CB}.Release|Any CPU.ActiveCfg = Release|Any CPU
		{DDC527E1-3EEC-F3A2-B97C-589E3F9FA2CB}.Release|Any CPU.Build.0 = Release|Any CPU
		{3FFB2F37-F650-268A-DB53-9A48E67ECDAA}.Debug|Any CPU.ActiveCfg = Debug|Any CPU
		{3FFB2F37-F650-268A-DB53-9A48E67ECDAA}.Debug|Any CPU.Build.0 = Debug|Any CPU
		{3FFB2F37-F650-268A-DB53-9A48E67ECDAA}.Release|Any CPU.ActiveCfg = Release|Any CPU
		{3FFB2F37-F650-268A-DB53-9A48E67ECDAA}.Release|Any CPU.Build.0 = Release|Any CPU
		{C6A04686-B350-3116-E84E-99355A771ED4}.Debug|Any CPU.ActiveCfg = Debug|Any CPU
		{C6A04686-B350-3116-E84E-99355A771ED4}.Debug|Any CPU.Build.0 = Debug|Any CPU
		{C6A04686-B350-3116-E84E-99355A771ED4}.Release|Any CPU.ActiveCfg = Release|Any CPU
		{C6A04686-B350-3116-E84E-99355A771ED4}.Release|Any CPU.Build.0 = Release|Any CPU
		{F4FE0D48-F68A-4A8E-3D4B-E69A0B0DC7FA}.Debug|Any CPU.ActiveCfg = Debug|Any CPU
		{F4FE0D48-F68A-4A8E-3D4B-E69A0B0DC7FA}.Debug|Any CPU.Build.0 = Debug|Any CPU
		{F4FE0D48-F68A-4A8E-3D4B-E69A0B0DC7FA}.Release|Any CPU.ActiveCfg = Release|Any CPU
		{F4FE0D48-F68A-4A8E-3D4B-E69A0B0DC7FA}.Release|Any CPU.Build.0 = Release|Any CPU
		{DC30B92B-D1CF-5C9E-662D-912235E9A26E}.Debug|Any CPU.ActiveCfg = Debug|Any CPU
		{DC30B92B-D1CF-5C9E-662D-912235E9A26E}.Debug|Any CPU.Build.0 = Debug|Any CPU
		{DC30B92B-D1CF-5C9E-662D-912235E9A26E}.Release|Any CPU.ActiveCfg = Release|Any CPU
		{DC30B92B-D1CF-5C9E-662D-912235E9A26E}.Release|Any CPU.Build.0 = Release|Any CPU
		{BC233C10-9DC8-BC53-8431-7F2ACBEDA945}.Debug|Any CPU.ActiveCfg = Debug|Any CPU
		{BC233C10-9DC8-BC53-8431-7F2ACBEDA945}.Debug|Any CPU.Build.0 = Debug|Any CPU
		{BC233C10-9DC8-BC53-8431-7F2ACBEDA945}.Release|Any CPU.ActiveCfg = Release|Any CPU
		{BC233C10-9DC8-BC53-8431-7F2ACBEDA945}.Release|Any CPU.Build.0 = Release|Any CPU
		{881E49BA-1B68-73E8-C339-AB336D154C1C}.Debug|Any CPU.ActiveCfg = Debug|Any CPU
		{881E49BA-1B68-73E8-C339-AB336D154C1C}.Debug|Any CPU.Build.0 = Debug|Any CPU
		{881E49BA-1B68-73E8-C339-AB336D154C1C}.Release|Any CPU.ActiveCfg = Release|Any CPU
		{881E49BA-1B68-73E8-C339-AB336D154C1C}.Release|Any CPU.Build.0 = Release|Any CPU
		{DE408892-221F-96BB-8F3C-DE44F0899888}.Debug|Any CPU.ActiveCfg = Debug|Any CPU
		{DE408892-221F-96BB-8F3C-DE44F0899888}.Debug|Any CPU.Build.0 = Debug|Any CPU
		{DE408892-221F-96BB-8F3C-DE44F0899888}.Release|Any CPU.ActiveCfg = Release|Any CPU
		{DE408892-221F-96BB-8F3C-DE44F0899888}.Release|Any CPU.Build.0 = Release|Any CPU
		{E0B48D03-A99A-DDFF-7E5D-708DE3AD20B2}.Debug|Any CPU.ActiveCfg = Debug|Any CPU
		{E0B48D03-A99A-DDFF-7E5D-708DE3AD20B2}.Debug|Any CPU.Build.0 = Debug|Any CPU
		{E0B48D03-A99A-DDFF-7E5D-708DE3AD20B2}.Release|Any CPU.ActiveCfg = Release|Any CPU
		{E0B48D03-A99A-DDFF-7E5D-708DE3AD20B2}.Release|Any CPU.Build.0 = Release|Any CPU
		{A7609A71-0FC3-873C-0090-1C4E798C5F85}.Debug|Any CPU.ActiveCfg = Debug|Any CPU
		{A7609A71-0FC3-873C-0090-1C4E798C5F85}.Debug|Any CPU.Build.0 = Debug|Any CPU
		{A7609A71-0FC3-873C-0090-1C4E798C5F85}.Release|Any CPU.ActiveCfg = Release|Any CPU
		{A7609A71-0FC3-873C-0090-1C4E798C5F85}.Release|Any CPU.Build.0 = Release|Any CPU
		{071E10C7-98A1-E18C-E3D1-1B0603687006}.Debug|Any CPU.ActiveCfg = Debug|Any CPU
		{071E10C7-98A1-E18C-E3D1-1B0603687006}.Debug|Any CPU.Build.0 = Debug|Any CPU
		{071E10C7-98A1-E18C-E3D1-1B0603687006}.Release|Any CPU.ActiveCfg = Release|Any CPU
		{071E10C7-98A1-E18C-E3D1-1B0603687006}.Release|Any CPU.Build.0 = Release|Any CPU
		{7555382D-EBB1-3310-0879-A04CA66FCFBC}.Debug|Any CPU.ActiveCfg = Debug|Any CPU
		{7555382D-EBB1-3310-0879-A04CA66FCFBC}.Debug|Any CPU.Build.0 = Debug|Any CPU
		{7555382D-EBB1-3310-0879-A04CA66FCFBC}.Release|Any CPU.ActiveCfg = Release|Any CPU
		{7555382D-EBB1-3310-0879-A04CA66FCFBC}.Release|Any CPU.Build.0 = Release|Any CPU
		{91A2ABB4-1F44-89C2-F3BA-AAC7C95D73A9}.Debug|Any CPU.ActiveCfg = Debug|Any CPU
		{91A2ABB4-1F44-89C2-F3BA-AAC7C95D73A9}.Debug|Any CPU.Build.0 = Debug|Any CPU
		{91A2ABB4-1F44-89C2-F3BA-AAC7C95D73A9}.Release|Any CPU.ActiveCfg = Release|Any CPU
		{91A2ABB4-1F44-89C2-F3BA-AAC7C95D73A9}.Release|Any CPU.Build.0 = Release|Any CPU
		{05BBEF9F-E6F4-E583-DA08-B41645A4E245}.Debug|Any CPU.ActiveCfg = Debug|Any CPU
		{05BBEF9F-E6F4-E583-DA08-B41645A4E245}.Debug|Any CPU.Build.0 = Debug|Any CPU
		{05BBEF9F-E6F4-E583-DA08-B41645A4E245}.Release|Any CPU.ActiveCfg = Release|Any CPU
		{05BBEF9F-E6F4-E583-DA08-B41645A4E245}.Release|Any CPU.Build.0 = Release|Any CPU
		{15AFA209-4882-B04C-B4B7-EBAB7639571F}.Debug|Any CPU.ActiveCfg = Debug|Any CPU
		{15AFA209-4882-B04C-B4B7-EBAB7639571F}.Debug|Any CPU.Build.0 = Debug|Any CPU
		{15AFA209-4882-B04C-B4B7-EBAB7639571F}.Release|Any CPU.ActiveCfg = Release|Any CPU
		{15AFA209-4882-B04C-B4B7-EBAB7639571F}.Release|Any CPU.Build.0 = Release|Any CPU
		{CEACC53A-1022-5A7E-8314-B4622B7979C7}.Debug|Any CPU.ActiveCfg = Debug|Any CPU
		{CEACC53A-1022-5A7E-8314-B4622B7979C7}.Debug|Any CPU.Build.0 = Debug|Any CPU
		{CEACC53A-1022-5A7E-8314-B4622B7979C7}.Release|Any CPU.ActiveCfg = Release|Any CPU
		{CEACC53A-1022-5A7E-8314-B4622B7979C7}.Release|Any CPU.Build.0 = Release|Any CPU
		{5800A4D1-7F9E-5AE8-8BFA-CD826202F179}.Debug|Any CPU.ActiveCfg = Debug|Any CPU
		{5800A4D1-7F9E-5AE8-8BFA-CD826202F179}.Debug|Any CPU.Build.0 = Debug|Any CPU
		{5800A4D1-7F9E-5AE8-8BFA-CD826202F179}.Release|Any CPU.ActiveCfg = Release|Any CPU
		{5800A4D1-7F9E-5AE8-8BFA-CD826202F179}.Release|Any CPU.Build.0 = Release|Any CPU
		{7810B32E-10DF-70AE-6F92-3F5402147B99}.Debug|Any CPU.ActiveCfg = Debug|Any CPU
		{7810B32E-10DF-70AE-6F92-3F5402147B99}.Debug|Any CPU.Build.0 = Debug|Any CPU
		{7810B32E-10DF-70AE-6F92-3F5402147B99}.Release|Any CPU.ActiveCfg = Release|Any CPU
		{7810B32E-10DF-70AE-6F92-3F5402147B99}.Release|Any CPU.Build.0 = Release|Any CPU
		{2A836CAB-75D1-6719-381F-874ED9C397CB}.Debug|Any CPU.ActiveCfg = Debug|Any CPU
		{2A836CAB-75D1-6719-381F-874ED9C397CB}.Debug|Any CPU.Build.0 = Debug|Any CPU
		{2A836CAB-75D1-6719-381F-874ED9C397CB}.Release|Any CPU.ActiveCfg = Release|Any CPU
		{2A836CAB-75D1-6719-381F-874ED9C397CB}.Release|Any CPU.Build.0 = Release|Any CPU
		{81AB3BB8-B2F8-3433-98E5-7365348348DB}.Debug|Any CPU.ActiveCfg = Debug|Any CPU
		{81AB3BB8-B2F8-3433-98E5-7365348348DB}.Debug|Any CPU.Build.0 = Debug|Any CPU
		{81AB3BB8-B2F8-3433-98E5-7365348348DB}.Release|Any CPU.ActiveCfg = Release|Any CPU
		{81AB3BB8-B2F8-3433-98E5-7365348348DB}.Release|Any CPU.Build.0 = Release|Any CPU
		{76708BF4-58F9-ECF0-B268-2EAFB16174C3}.Debug|Any CPU.ActiveCfg = Debug|Any CPU
		{76708BF4-58F9-ECF0-B268-2EAFB16174C3}.Debug|Any CPU.Build.0 = Debug|Any CPU
		{76708BF4-58F9-ECF0-B268-2EAFB16174C3}.Release|Any CPU.ActiveCfg = Release|Any CPU
		{76708BF4-58F9-ECF0-B268-2EAFB16174C3}.Release|Any CPU.Build.0 = Release|Any CPU
		{E0DC100B-2F43-ACA1-D35F-392C5A1BDCA7}.Debug|Any CPU.ActiveCfg = Debug|Any CPU
		{E0DC100B-2F43-ACA1-D35F-392C5A1BDCA7}.Debug|Any CPU.Build.0 = Debug|Any CPU
		{E0DC100B-2F43-ACA1-D35F-392C5A1BDCA7}.Release|Any CPU.ActiveCfg = Release|Any CPU
		{E0DC100B-2F43-ACA1-D35F-392C5A1BDCA7}.Release|Any CPU.Build.0 = Release|Any CPU
		{0AEDF2E4-4AEA-637D-93CA-6D76D7B7773D}.Debug|Any CPU.ActiveCfg = Debug|Any CPU
		{0AEDF2E4-4AEA-637D-93CA-6D76D7B7773D}.Debug|Any CPU.Build.0 = Debug|Any CPU
		{0AEDF2E4-4AEA-637D-93CA-6D76D7B7773D}.Release|Any CPU.ActiveCfg = Release|Any CPU
		{0AEDF2E4-4AEA-637D-93CA-6D76D7B7773D}.Release|Any CPU.Build.0 = Release|Any CPU
		{09E98FBC-727B-994B-0276-3F8AB8D17377}.Debug|Any CPU.ActiveCfg = Debug|Any CPU
		{09E98FBC-727B-994B-0276-3F8AB8D17377}.Debug|Any CPU.Build.0 = Debug|Any CPU
		{09E98FBC-727B-994B-0276-3F8AB8D17377}.Release|Any CPU.ActiveCfg = Release|Any CPU
		{09E98FBC-727B-994B-0276-3F8AB8D17377}.Release|Any CPU.Build.0 = Release|Any CPU
		{678859E6-3DD4-0093-8BBE-272F678E9221}.Debug|Any CPU.ActiveCfg = Debug|Any CPU
		{678859E6-3DD4-0093-8BBE-272F678E9221}.Debug|Any CPU.Build.0 = Debug|Any CPU
		{678859E6-3DD4-0093-8BBE-272F678E9221}.Release|Any CPU.ActiveCfg = Release|Any CPU
		{678859E6-3DD4-0093-8BBE-272F678E9221}.Release|Any CPU.Build.0 = Release|Any CPU
		{F6617106-284B-7BF5-8426-7EE06284289F}.Debug|Any CPU.ActiveCfg = Debug|Any CPU
		{F6617106-284B-7BF5-8426-7EE06284289F}.Debug|Any CPU.Build.0 = Debug|Any CPU
		{F6617106-284B-7BF5-8426-7EE06284289F}.Release|Any CPU.ActiveCfg = Release|Any CPU
		{F6617106-284B-7BF5-8426-7EE06284289F}.Release|Any CPU.Build.0 = Release|Any CPU
		{5332E9E6-9337-6A2A-D036-8D50F3F2E631}.Debug|Any CPU.ActiveCfg = Debug|Any CPU
		{5332E9E6-9337-6A2A-D036-8D50F3F2E631}.Debug|Any CPU.Build.0 = Debug|Any CPU
		{5332E9E6-9337-6A2A-D036-8D50F3F2E631}.Release|Any CPU.ActiveCfg = Release|Any CPU
		{5332E9E6-9337-6A2A-D036-8D50F3F2E631}.Release|Any CPU.Build.0 = Release|Any CPU
		{9B858B7B-A2D9-B283-C8DF-C29EEC7BA1C2}.Debug|Any CPU.ActiveCfg = Debug|Any CPU
		{9B858B7B-A2D9-B283-C8DF-C29EEC7BA1C2}.Debug|Any CPU.Build.0 = Debug|Any CPU
		{9B858B7B-A2D9-B283-C8DF-C29EEC7BA1C2}.Release|Any CPU.ActiveCfg = Release|Any CPU
		{9B858B7B-A2D9-B283-C8DF-C29EEC7BA1C2}.Release|Any CPU.Build.0 = Release|Any CPU
		{525AF77A-0951-B2AF-D40B-6A5F9111C88B}.Debug|Any CPU.ActiveCfg = Debug|Any CPU
		{525AF77A-0951-B2AF-D40B-6A5F9111C88B}.Debug|Any CPU.Build.0 = Debug|Any CPU
		{525AF77A-0951-B2AF-D40B-6A5F9111C88B}.Release|Any CPU.ActiveCfg = Release|Any CPU
		{525AF77A-0951-B2AF-D40B-6A5F9111C88B}.Release|Any CPU.Build.0 = Release|Any CPU
		{EE492BB6-CE3E-9E22-14B4-F5858E4F9814}.Debug|Any CPU.ActiveCfg = Debug|Any CPU
		{EE492BB6-CE3E-9E22-14B4-F5858E4F9814}.Debug|Any CPU.Build.0 = Debug|Any CPU
		{EE492BB6-CE3E-9E22-14B4-F5858E4F9814}.Release|Any CPU.ActiveCfg = Release|Any CPU
		{EE492BB6-CE3E-9E22-14B4-F5858E4F9814}.Release|Any CPU.Build.0 = Release|Any CPU
		{4D1A0230-CDC8-2AFF-6320-57AEF311BD00}.Debug|Any CPU.ActiveCfg = Debug|Any CPU
		{4D1A0230-CDC8-2AFF-6320-57AEF311BD00}.Debug|Any CPU.Build.0 = Debug|Any CPU
		{4D1A0230-CDC8-2AFF-6320-57AEF311BD00}.Release|Any CPU.ActiveCfg = Release|Any CPU
		{4D1A0230-CDC8-2AFF-6320-57AEF311BD00}.Release|Any CPU.Build.0 = Release|Any CPU
		{F57E9EF2-A451-46DC-1743-1009E88CEB3F}.Debug|Any CPU.ActiveCfg = Debug|Any CPU
		{F57E9EF2-A451-46DC-1743-1009E88CEB3F}.Debug|Any CPU.Build.0 = Debug|Any CPU
		{F57E9EF2-A451-46DC-1743-1009E88CEB3F}.Release|Any CPU.ActiveCfg = Release|Any CPU
		{F57E9EF2-A451-46DC-1743-1009E88CEB3F}.Release|Any CPU.Build.0 = Release|Any CPU
		{D43CA478-1672-3684-ED7F-2B4CE634B915}.Debug|Any CPU.ActiveCfg = Debug|Any CPU
		{D43CA478-1672-3684-ED7F-2B4CE634B915}.Debug|Any CPU.Build.0 = Debug|Any CPU
		{D43CA478-1672-3684-ED7F-2B4CE634B915}.Release|Any CPU.ActiveCfg = Release|Any CPU
		{D43CA478-1672-3684-ED7F-2B4CE634B915}.Release|Any CPU.Build.0 = Release|Any CPU
		{CBCCC4F4-0061-88FB-2EE5-BC4C7903C29F}.Debug|Any CPU.ActiveCfg = Debug|Any CPU
		{CBCCC4F4-0061-88FB-2EE5-BC4C7903C29F}.Debug|Any CPU.Build.0 = Debug|Any CPU
		{CBCCC4F4-0061-88FB-2EE5-BC4C7903C29F}.Release|Any CPU.ActiveCfg = Release|Any CPU
		{CBCCC4F4-0061-88FB-2EE5-BC4C7903C29F}.Release|Any CPU.Build.0 = Release|Any CPU
		{1FB5C92A-6A7E-5FB8-FCEA-249A7AC6A524}.Debug|Any CPU.ActiveCfg = Debug|Any CPU
		{1FB5C92A-6A7E-5FB8-FCEA-249A7AC6A524}.Debug|Any CPU.Build.0 = Debug|Any CPU
		{1FB5C92A-6A7E-5FB8-FCEA-249A7AC6A524}.Release|Any CPU.ActiveCfg = Release|Any CPU
		{1FB5C92A-6A7E-5FB8-FCEA-249A7AC6A524}.Release|Any CPU.Build.0 = Release|Any CPU
		{DD980CDF-6982-8066-905E-BDD317BA1CD4}.Debug|Any CPU.ActiveCfg = Debug|Any CPU
		{DD980CDF-6982-8066-905E-BDD317BA1CD4}.Debug|Any CPU.Build.0 = Debug|Any CPU
		{DD980CDF-6982-8066-905E-BDD317BA1CD4}.Release|Any CPU.ActiveCfg = Release|Any CPU
		{DD980CDF-6982-8066-905E-BDD317BA1CD4}.Release|Any CPU.Build.0 = Release|Any CPU
		{41748282-0575-4BFA-0D4D-E5784EE56342}.Debug|Any CPU.ActiveCfg = Debug|Any CPU
		{41748282-0575-4BFA-0D4D-E5784EE56342}.Debug|Any CPU.Build.0 = Debug|Any CPU
		{41748282-0575-4BFA-0D4D-E5784EE56342}.Release|Any CPU.ActiveCfg = Release|Any CPU
		{41748282-0575-4BFA-0D4D-E5784EE56342}.Release|Any CPU.Build.0 = Release|Any CPU
		{25AFEEAA-26BA-FA9D-50AF-325989B09D26}.Debug|Any CPU.ActiveCfg = Debug|Any CPU
		{25AFEEAA-26BA-FA9D-50AF-325989B09D26}.Debug|Any CPU.Build.0 = Debug|Any CPU
		{25AFEEAA-26BA-FA9D-50AF-325989B09D26}.Release|Any CPU.ActiveCfg = Release|Any CPU
		{25AFEEAA-26BA-FA9D-50AF-325989B09D26}.Release|Any CPU.Build.0 = Release|Any CPU
		{12F06F38-6BB0-AB7C-3EFF-7EA480DAC1C4}.Debug|Any CPU.ActiveCfg = Debug|Any CPU
		{12F06F38-6BB0-AB7C-3EFF-7EA480DAC1C4}.Debug|Any CPU.Build.0 = Debug|Any CPU
		{12F06F38-6BB0-AB7C-3EFF-7EA480DAC1C4}.Release|Any CPU.ActiveCfg = Release|Any CPU
		{12F06F38-6BB0-AB7C-3EFF-7EA480DAC1C4}.Release|Any CPU.Build.0 = Release|Any CPU
		{109D6D70-B826-7631-34E0-0E9D9F3FDB93}.Debug|Any CPU.ActiveCfg = Debug|Any CPU
		{109D6D70-B826-7631-34E0-0E9D9F3FDB93}.Debug|Any CPU.Build.0 = Debug|Any CPU
		{109D6D70-B826-7631-34E0-0E9D9F3FDB93}.Release|Any CPU.ActiveCfg = Release|Any CPU
		{109D6D70-B826-7631-34E0-0E9D9F3FDB93}.Release|Any CPU.Build.0 = Release|Any CPU
	EndGlobalSection
	GlobalSection(SolutionProperties) = preSolution
		HideSolutionNode = FALSE
	EndGlobalSection
EndGlobal
